<?xml version="1.0" encoding="utf-8"?>
<Project ToolsVersion="4.0" xmlns="http://schemas.microsoft.com/developer/msbuild/2003">
  <ItemGroup>
    <ClInclude Include="Application.h">
      <Filter>High Level Interface</Filter>
    </ClInclude>
    <ClInclude Include="CommonInclude.h">
      <Filter>Common</Filter>
    </ClInclude>
    <ClInclude Include="GameObject.h">
      <Filter>GameObject</Filter>
    </ClInclude>
    <ClInclude Include="Input.h">
      <Filter>Helper</Filter>
    </ClInclude>
    <ClInclude Include="Time.h">
      <Filter>Helper</Filter>
    </ClInclude>
    <ClInclude Include="SceneManager.h">
      <Filter>Scene</Filter>
    </ClInclude>
    <ClInclude Include="Entity.h">
      <Filter>Common</Filter>
    </ClInclude>
    <ClInclude Include="Scene.h">
      <Filter>Scene</Filter>
    </ClInclude>
    <ClInclude Include="PlayScene.h">
      <Filter>PlayScene</Filter>
    </ClInclude>
    <ClInclude Include="Component.h">
      <Filter>Component</Filter>
    </ClInclude>
    <ClInclude Include="Player.h">
      <Filter>GameObject\Player</Filter>
    </ClInclude>
    <ClInclude Include="SpriteRenderer.h">
      <Filter>Component\SpriteRenderer</Filter>
    </ClInclude>
    <ClInclude Include="Transform.h">
      <Filter>Component\SpriteRenderer\Transform</Filter>
    </ClInclude>
    <ClInclude Include="Math.h">
      <Filter>Common</Filter>
    </ClInclude>
    <ClInclude Include="Resources.h">
      <Filter>Resource</Filter>
    </ClInclude>
    <ClInclude Include="Resource.h">
      <Filter>Resource</Filter>
    </ClInclude>
    <ClInclude Include="LoadScenes.h">
      <Filter>GlobalFunc</Filter>
    </ClInclude>
    <ClInclude Include="Enums.h">
      <Filter>Common</Filter>
    </ClInclude>
    <ClInclude Include="Layer.h">
      <Filter>Layer</Filter>
    </ClInclude>
    <ClInclude Include="TitleScene.h">
      <Filter>Scene</Filter>
    </ClInclude>
    <ClInclude Include="Object.h">
      <Filter>GlobalFunc</Filter>
    </ClInclude>
    <ClInclude Include="LoadResources.h">
      <Filter>GlobalFunc</Filter>
    </ClInclude>
    <ClInclude Include="Camera.h">
      <Filter>Component\Camera</Filter>
    </ClInclude>
    <ClInclude Include="Script.h">
      <Filter>Component\Script</Filter>
    </ClInclude>
    <ClInclude Include="PlayerScript.h">
      <Filter>Component\Script\PlayerScript</Filter>
    </ClInclude>
    <ClInclude Include="Texture.h">
      <Filter>Resource\Texture</Filter>
    </ClInclude>
    <ClInclude Include="MainCamera.h">
      <Filter>Component\Camera\MainCamera</Filter>
    </ClInclude>
    <ClInclude Include="Animation.h">
      <Filter>Resource\Animation</Filter>
    </ClInclude>
    <ClInclude Include="Animator.h">
      <Filter>Component\Animator</Filter>
    </ClInclude>
    <ClInclude Include="CatScript.h">
      <Filter>Component\Script\CatScript</Filter>
    </ClInclude>
    <ClInclude Include="Cat.h">
      <Filter>GameObject\Animal</Filter>
    </ClInclude>
    <ClInclude Include="Collider.h">
      <Filter>Component\Collider</Filter>
    </ClInclude>
    <ClInclude Include="BoxCollider2D.h">
      <Filter>Component\Collider\BoxCollider</Filter>
    </ClInclude>
    <ClInclude Include="CircleCollider2D.h">
      <Filter>Component\Collider\CircleCollider</Filter>
    </ClInclude>
    <ClInclude Include="CollisionManager.h">
      <Filter>Component\Collider</Filter>
    </ClInclude>
    <ClInclude Include="DontDestroyOnLoad.h">
      <Filter>Scene</Filter>
    </ClInclude>
    <ClInclude Include="Tile.h">
      <Filter>GameObject\Tile</Filter>
    </ClInclude>
    <ClInclude Include="TilemapRenderer.h">
      <Filter>Component\TilemapRenderer</Filter>
    </ClInclude>
    <ClInclude Include="ToolScene.h" />
    <ClInclude Include="CameraScript.h">
      <Filter>Component\Script</Filter>
    </ClInclude>
  </ItemGroup>
  <ItemGroup>
    <Filter Include="Common">
      <UniqueIdentifier>{02ae0b43-57cc-4337-910f-a8c1ca7c942c}</UniqueIdentifier>
    </Filter>
    <Filter Include="High Level Interface">
      <UniqueIdentifier>{11af8fa9-6625-4dfa-9327-34b736d135e1}</UniqueIdentifier>
    </Filter>
    <Filter Include="GameObject">
      <UniqueIdentifier>{b4fb8df8-28ef-4a79-978b-8175bf73b4a7}</UniqueIdentifier>
    </Filter>
    <Filter Include="Helper">
      <UniqueIdentifier>{64ced148-87fd-4ada-b1ac-933d0d313a55}</UniqueIdentifier>
    </Filter>
    <Filter Include="Scene">
      <UniqueIdentifier>{7572c80b-b3cf-4701-acd8-0d3b4584e7e1}</UniqueIdentifier>
    </Filter>
    <Filter Include="PlayScene">
      <UniqueIdentifier>{3ec3c755-8e40-4d07-9225-fdca9f3a1a96}</UniqueIdentifier>
    </Filter>
    <Filter Include="Component">
      <UniqueIdentifier>{baf48d1a-280a-4dc7-b55e-850ec61f99e1}</UniqueIdentifier>
    </Filter>
    <Filter Include="Component\SpriteRenderer">
      <UniqueIdentifier>{64e0e226-04db-4f87-9a2e-6d1ef9d9619e}</UniqueIdentifier>
    </Filter>
    <Filter Include="Resource">
      <UniqueIdentifier>{06f688a2-e070-4ed0-a851-5b899bcf2070}</UniqueIdentifier>
    </Filter>
    <Filter Include="GlobalFunc">
      <UniqueIdentifier>{6ed82f58-ef81-4029-a8b5-4f6a9e842c38}</UniqueIdentifier>
    </Filter>
    <Filter Include="Layer">
      <UniqueIdentifier>{94281651-ed67-4398-9b13-8003d1e5a5c1}</UniqueIdentifier>
    </Filter>
    <Filter Include="Resource\Texture">
      <UniqueIdentifier>{2e1d6f56-4e7c-43bf-a9c3-c4dd9ed7de19}</UniqueIdentifier>
    </Filter>
    <Filter Include="Component\Camera">
      <UniqueIdentifier>{312eb774-a4f7-4c4e-92e4-b9da3b35e065}</UniqueIdentifier>
    </Filter>
    <Filter Include="Component\Script">
      <UniqueIdentifier>{a5d46e9b-ce2b-47a2-9293-dae6416eea81}</UniqueIdentifier>
    </Filter>
    <Filter Include="Component\Script\PlayerScript">
      <UniqueIdentifier>{8591374b-a21e-44e9-bb5a-8f7199466e99}</UniqueIdentifier>
    </Filter>
    <Filter Include="Component\Camera\MainCamera">
      <UniqueIdentifier>{648ab4ee-e55b-4771-a081-267688986de0}</UniqueIdentifier>
    </Filter>
    <Filter Include="Component\Animator">
      <UniqueIdentifier>{5a0a4e0e-3ccb-4dcf-af95-80f8298fb89f}</UniqueIdentifier>
    </Filter>
    <Filter Include="Resource\Animation">
      <UniqueIdentifier>{0a396b4b-5826-4551-8fe9-47488a3a3b92}</UniqueIdentifier>
    </Filter>
    <Filter Include="Component\SpriteRenderer\Transform">
      <UniqueIdentifier>{b5cd8fdf-ac34-48c6-bc9f-00a9f1e529c6}</UniqueIdentifier>
    </Filter>
    <Filter Include="Component\Script\CatScript">
      <UniqueIdentifier>{b4517edd-a948-4a23-84f5-724ff0fe9eca}</UniqueIdentifier>
    </Filter>
    <Filter Include="Component\Collider">
      <UniqueIdentifier>{8e15f6e6-2339-4ab2-ae97-adf1aa4774bb}</UniqueIdentifier>
    </Filter>
    <Filter Include="Component\Collider\BoxCollider">
      <UniqueIdentifier>{90b48dfc-4cc4-46f5-82c8-e2a25c13d8c8}</UniqueIdentifier>
    </Filter>
    <Filter Include="Component\Collider\CircleCollider">
      <UniqueIdentifier>{b053878b-9897-4c80-a23f-ea17b4bd5908}</UniqueIdentifier>
    </Filter>
    <Filter Include="GameObject\Player">
      <UniqueIdentifier>{16322a90-777f-4703-acdc-e4b92187c9d5}</UniqueIdentifier>
    </Filter>
    <Filter Include="GameObject\Animal">
      <UniqueIdentifier>{de149746-d9a2-4ee4-9299-7e442a62ae88}</UniqueIdentifier>
    </Filter>
    <Filter Include="GameObject\Tile">
      <UniqueIdentifier>{05835947-77f8-4cb3-8933-90e037cfeeed}</UniqueIdentifier>
    </Filter>
    <Filter Include="Component\TilemapRenderer">
      <UniqueIdentifier>{f0b2a239-e6fa-4b1c-91f0-9a0cd1e8bf36}</UniqueIdentifier>
    </Filter>
  </ItemGroup>
  <ItemGroup>
    <ClCompile Include="Application.cpp">
      <Filter>High Level Interface</Filter>
    </ClCompile>
    <ClCompile Include="GameObject.cpp">
      <Filter>GameObject</Filter>
    </ClCompile>
    <ClCompile Include="Input.cpp">
      <Filter>Helper</Filter>
    </ClCompile>
    <ClCompile Include="Time.cpp">
      <Filter>Helper</Filter>
    </ClCompile>
    <ClCompile Include="SceneManager.cpp">
      <Filter>Scene</Filter>
    </ClCompile>
    <ClCompile Include="Entity.cpp">
      <Filter>Common</Filter>
    </ClCompile>
    <ClCompile Include="Scene.cpp">
      <Filter>Scene</Filter>
    </ClCompile>
    <ClCompile Include="PlayScene.cpp">
      <Filter>PlayScene</Filter>
    </ClCompile>
    <ClCompile Include="Component.cpp">
      <Filter>Component</Filter>
    </ClCompile>
    <ClCompile Include="Player.cpp">
      <Filter>GameObject\Player</Filter>
    </ClCompile>
    <ClCompile Include="SpriteRenderer.cpp">
      <Filter>Component\SpriteRenderer</Filter>
    </ClCompile>
    <ClCompile Include="Transform.cpp">
      <Filter>Component\SpriteRenderer\Transform</Filter>
    </ClCompile>
    <ClCompile Include="Math.cpp">
      <Filter>Common</Filter>
    </ClCompile>
    <ClCompile Include="Resources.cpp">
      <Filter>Resource</Filter>
    </ClCompile>
    <ClCompile Include="Resource.cpp">
      <Filter>Resource</Filter>
    </ClCompile>
    <ClCompile Include="Layer.cpp">
      <Filter>Layer</Filter>
    </ClCompile>
    <ClCompile Include="TitleScene.cpp">
      <Filter>Scene</Filter>
    </ClCompile>
    <ClCompile Include="Camera.cpp">
      <Filter>Component\Camera</Filter>
    </ClCompile>
    <ClCompile Include="Script.cpp">
      <Filter>Component\Script</Filter>
    </ClCompile>
    <ClCompile Include="PlayerScript.cpp">
      <Filter>Component\Script\PlayerScript</Filter>
    </ClCompile>
    <ClCompile Include="Texture.cpp">
      <Filter>Resource\Texture</Filter>
    </ClCompile>
    <ClCompile Include="MainCamera.cpp">
      <Filter>Component\Camera\MainCamera</Filter>
    </ClCompile>
    <ClCompile Include="Animation.cpp">
      <Filter>Resource\Animation</Filter>
    </ClCompile>
    <ClCompile Include="Animator.cpp">
      <Filter>Component\Animator</Filter>
    </ClCompile>
    <ClCompile Include="CatScript.cpp">
      <Filter>Component\Script\CatScript</Filter>
    </ClCompile>
    <ClCompile Include="Cat.cpp">
      <Filter>GameObject\Animal</Filter>
    </ClCompile>
    <ClCompile Include="Collider.cpp">
      <Filter>Component\Collider</Filter>
    </ClCompile>
    <ClCompile Include="BoxCollider2D.cpp">
      <Filter>Component\Collider\BoxCollider</Filter>
    </ClCompile>
    <ClCompile Include="CircleCollider2D.cpp">
      <Filter>Component\Collider\CircleCollider</Filter>
    </ClCompile>
    <ClCompile Include="CollisionManager.cpp">
      <Filter>Component\Collider</Filter>
    </ClCompile>
    <ClCompile Include="DontDestroyOnLoad.cpp">
      <Filter>Scene</Filter>
    </ClCompile>
    <ClCompile Include="Tile.cpp">
      <Filter>GameObject\Tile</Filter>
    </ClCompile>
    <ClCompile Include="TilemapRenderer.cpp">
      <Filter>Component\TilemapRenderer</Filter>
    </ClCompile>
    <ClCompile Include="ToolScene.cpp" />
    <ClCompile Include="CameraScript.cpp">
      <Filter>Component\Script</Filter>
    </ClCompile>
  </ItemGroup>
</Project>